// !$*UTF8*$!
{
	archiveVersion = 1;
	classes = {
	};
	objectVersion = 51;
	objects = {

/* Begin PBXBuildFile section */
		3C3AA6ACE44E7E67CED83A69 /* Pods_WATiR.framework in Frameworks */ = {isa = PBXBuildFile; fileRef = 542925CF37786B81D140E20A /* Pods_WATiR.framework */; };
		722B984C2564662D0019BCF9 /* AppDelegate.swift in Sources */ = {isa = PBXBuildFile; fileRef = 722B984B2564662D0019BCF9 /* AppDelegate.swift */; };
		722B984E2564662D0019BCF9 /* SceneDelegate.swift in Sources */ = {isa = PBXBuildFile; fileRef = 722B984D2564662D0019BCF9 /* SceneDelegate.swift */; };
		722B98502564662D0019BCF9 /* ViewController.swift in Sources */ = {isa = PBXBuildFile; fileRef = 722B984F2564662D0019BCF9 /* ViewController.swift */; };
		722B98532564662D0019BCF9 /* Main.storyboard in Resources */ = {isa = PBXBuildFile; fileRef = 722B98512564662D0019BCF9 /* Main.storyboard */; };
		722B98552564662F0019BCF9 /* Assets.xcassets in Resources */ = {isa = PBXBuildFile; fileRef = 722B98542564662F0019BCF9 /* Assets.xcassets */; };
		722B98582564662F0019BCF9 /* LaunchScreen.storyboard in Resources */ = {isa = PBXBuildFile; fileRef = 722B98562564662F0019BCF9 /* LaunchScreen.storyboard */; };
/* End PBXBuildFile section */

/* Begin PBXFileReference section */
		542925CF37786B81D140E20A /* Pods_WATiR.framework */ = {isa = PBXFileReference; explicitFileType = wrapper.framework; includeInIndex = 0; path = Pods_WATiR.framework; sourceTree = BUILT_PRODUCTS_DIR; };
		6F80E81F6B8F7F7526BEC043 /* Pods-WATiR.release.xcconfig */ = {isa = PBXFileReference; includeInIndex = 1; lastKnownFileType = text.xcconfig; name = "Pods-WATiR.release.xcconfig"; path = "Target Support Files/Pods-WATiR/Pods-WATiR.release.xcconfig"; sourceTree = "<group>"; };
		722B98482564662D0019BCF9 /* WATiR.app */ = {isa = PBXFileReference; explicitFileType = wrapper.application; includeInIndex = 0; path = WATiR.app; sourceTree = BUILT_PRODUCTS_DIR; };
		722B984B2564662D0019BCF9 /* AppDelegate.swift */ = {isa = PBXFileReference; lastKnownFileType = sourcecode.swift; path = AppDelegate.swift; sourceTree = "<group>"; };
		722B984D2564662D0019BCF9 /* SceneDelegate.swift */ = {isa = PBXFileReference; lastKnownFileType = sourcecode.swift; path = SceneDelegate.swift; sourceTree = "<group>"; };
		722B984F2564662D0019BCF9 /* ViewController.swift */ = {isa = PBXFileReference; lastKnownFileType = sourcecode.swift; path = ViewController.swift; sourceTree = "<group>"; };
		722B98522564662D0019BCF9 /* Base */ = {isa = PBXFileReference; lastKnownFileType = file.storyboard; name = Base; path = Base.lproj/Main.storyboard; sourceTree = "<group>"; };
		722B98542564662F0019BCF9 /* Assets.xcassets */ = {isa = PBXFileReference; lastKnownFileType = folder.assetcatalog; path = Assets.xcassets; sourceTree = "<group>"; };
		722B98572564662F0019BCF9 /* Base */ = {isa = PBXFileReference; lastKnownFileType = file.storyboard; name = Base; path = Base.lproj/LaunchScreen.storyboard; sourceTree = "<group>"; };
		722B98592564662F0019BCF9 /* Info.plist */ = {isa = PBXFileReference; lastKnownFileType = text.plist.xml; path = Info.plist; sourceTree = "<group>"; };
		B6DE0A21DAD34EC3523A77A3 /* Pods-WATiR.debug.xcconfig */ = {isa = PBXFileReference; includeInIndex = 1; lastKnownFileType = text.xcconfig; name = "Pods-WATiR.debug.xcconfig"; path = "Target Support Files/Pods-WATiR/Pods-WATiR.debug.xcconfig"; sourceTree = "<group>"; };
/* End PBXFileReference section */

/* Begin PBXFrameworksBuildPhase section */
		722B98452564662D0019BCF9 /* Frameworks */ = {
			isa = PBXFrameworksBuildPhase;
			buildActionMask = 2147483647;
			files = (
				3C3AA6ACE44E7E67CED83A69 /* Pods_WATiR.framework in Frameworks */,
			);
			runOnlyForDeploymentPostprocessing = 0;
		};
/* End PBXFrameworksBuildPhase section */

/* Begin PBXGroup section */
		2B8BCD245DE84C1EA846E296 /* Pods */ = {
			isa = PBXGroup;
			children = (
				B6DE0A21DAD34EC3523A77A3 /* Pods-WATiR.debug.xcconfig */,
				6F80E81F6B8F7F7526BEC043 /* Pods-WATiR.release.xcconfig */,
			);
			path = Pods;
			sourceTree = "<group>";
		};
		722B983F2564662D0019BCF9 = {
			isa = PBXGroup;
			children = (
				722B984A2564662D0019BCF9 /* WATiR */,
				722B98492564662D0019BCF9 /* Products */,
				2B8BCD245DE84C1EA846E296 /* Pods */,
				9FB8DC5E9E0CE08FA8E26EB6 /* Frameworks */,
			);
			sourceTree = "<group>";
		};
		722B98492564662D0019BCF9 /* Products */ = {
			isa = PBXGroup;
			children = (
				722B98482564662D0019BCF9 /* WATiR.app */,
			);
			name = Products;
			sourceTree = "<group>";
		};
		722B984A2564662D0019BCF9 /* WATiR */ = {
			isa = PBXGroup;
			children = (
				722B984B2564662D0019BCF9 /* AppDelegate.swift */,
				722B984D2564662D0019BCF9 /* SceneDelegate.swift */,
				722B984F2564662D0019BCF9 /* ViewController.swift */,
				722B98512564662D0019BCF9 /* Main.storyboard */,
				722B98542564662F0019BCF9 /* Assets.xcassets */,
				722B98562564662F0019BCF9 /* LaunchScreen.storyboard */,
				722B98592564662F0019BCF9 /* Info.plist */,
			);
			path = WATiR;
			sourceTree = "<group>";
		};
		9FB8DC5E9E0CE08FA8E26EB6 /* Frameworks */ = {
			isa = PBXGroup;
			children = (
				542925CF37786B81D140E20A /* Pods_WATiR.framework */,
			);
			name = Frameworks;
			sourceTree = "<group>";
		};
/* End PBXGroup section */

/* Begin PBXNativeTarget section */
		722B98472564662D0019BCF9 /* WATiR */ = {
			isa = PBXNativeTarget;
			buildConfigurationList = 722B985C2564662F0019BCF9 /* Build configuration list for PBXNativeTarget "WATiR" */;
			buildPhases = (
				29EE73081F5982EF3D306327 /* [CP] Check Pods Manifest.lock */,
				722B98442564662D0019BCF9 /* Sources */,
				722B98452564662D0019BCF9 /* Frameworks */,
				722B98462564662D0019BCF9 /* Resources */,
				0CA696458BE31074E5F8D5C8 /* [CP] Embed Pods Frameworks */,
			);
			buildRules = (
			);
			dependencies = (
			);
			name = WATiR;
			productName = WATiR;
			productReference = 722B98482564662D0019BCF9 /* WATiR.app */;
			productType = "com.apple.product-type.application";
		};
/* End PBXNativeTarget section */

/* Begin PBXProject section */
		722B98402564662D0019BCF9 /* Project object */ = {
			isa = PBXProject;
			attributes = {
				LastSwiftUpdateCheck = 1200;
				LastUpgradeCheck = 1200;
				TargetAttributes = {
					722B98472564662D0019BCF9 = {
						CreatedOnToolsVersion = 12.0.1;
					};
				};
			};
			buildConfigurationList = 722B98432564662D0019BCF9 /* Build configuration list for PBXProject "WATiR" */;
			compatibilityVersion = "Xcode 9.3";
			developmentRegion = en;
			hasScannedForEncodings = 0;
			knownRegions = (
				en,
				Base,
			);
			mainGroup = 722B983F2564662D0019BCF9;
			productRefGroup = 722B98492564662D0019BCF9 /* Products */;
			projectDirPath = "";
			projectRoot = "";
			targets = (
				722B98472564662D0019BCF9 /* WATiR */,
			);
		};
/* End PBXProject section */

/* Begin PBXResourcesBuildPhase section */
		722B98462564662D0019BCF9 /* Resources */ = {
			isa = PBXResourcesBuildPhase;
			buildActionMask = 2147483647;
			files = (
				722B98582564662F0019BCF9 /* LaunchScreen.storyboard in Resources */,
				722B98552564662F0019BCF9 /* Assets.xcassets in Resources */,
				722B98532564662D0019BCF9 /* Main.storyboard in Resources */,
			);
			runOnlyForDeploymentPostprocessing = 0;
		};
/* End PBXResourcesBuildPhase section */

/* Begin PBXShellScriptBuildPhase section */
		0CA696458BE31074E5F8D5C8 /* [CP] Embed Pods Frameworks */ = {
			isa = PBXShellScriptBuildPhase;
			buildActionMask = 2147483647;
			files = (
			);
			inputFileListPaths = (
				"${PODS_ROOT}/Target Support Files/Pods-WATiR/Pods-WATiR-frameworks-${CONFIGURATION}-input-files.xcfilelist",
			);
			name = "[CP] Embed Pods Frameworks";
			outputFileListPaths = (
				"${PODS_ROOT}/Target Support Files/Pods-WATiR/Pods-WATiR-frameworks-${CONFIGURATION}-output-files.xcfilelist",
			);
			runOnlyForDeploymentPostprocessing = 0;
			shellPath = /bin/sh;
			shellScript = "\"${PODS_ROOT}/Target Support Files/Pods-WATiR/Pods-WATiR-frameworks.sh\"\n";
			showEnvVarsInLog = 0;
		};
		29EE73081F5982EF3D306327 /* [CP] Check Pods Manifest.lock */ = {
			isa = PBXShellScriptBuildPhase;
			buildActionMask = 2147483647;
			files = (
			);
			inputFileListPaths = (
			);
			inputPaths = (
				"${PODS_PODFILE_DIR_PATH}/Podfile.lock",
				"${PODS_ROOT}/Manifest.lock",
			);
			name = "[CP] Check Pods Manifest.lock";
			outputFileListPaths = (
			);
			outputPaths = (
				"$(DERIVED_FILE_DIR)/Pods-WATiR-checkManifestLockResult.txt",
			);
			runOnlyForDeploymentPostprocessing = 0;
			shellPath = /bin/sh;
			shellScript = "diff \"${PODS_PODFILE_DIR_PATH}/Podfile.lock\" \"${PODS_ROOT}/Manifest.lock\" > /dev/null\nif [ $? != 0 ] ; then\n    # print error to STDERR\n    echo \"error: The sandbox is not in sync with the Podfile.lock. Run 'pod install' or update your CocoaPods installation.\" >&2\n    exit 1\nfi\n# This output is used by Xcode 'outputs' to avoid re-running this script phase.\necho \"SUCCESS\" > \"${SCRIPT_OUTPUT_FILE_0}\"\n";
			showEnvVarsInLog = 0;
		};
/* End PBXShellScriptBuildPhase section */

/* Begin PBXSourcesBuildPhase section */
		722B98442564662D0019BCF9 /* Sources */ = {
			isa = PBXSourcesBuildPhase;
			buildActionMask = 2147483647;
			files = (
				722B98502564662D0019BCF9 /* ViewController.swift in Sources */,
				722B984C2564662D0019BCF9 /* AppDelegate.swift in Sources */,
				722B984E2564662D0019BCF9 /* SceneDelegate.swift in Sources */,
			);
			runOnlyForDeploymentPostprocessing = 0;
		};
/* End PBXSourcesBuildPhase section */

/* Begin PBXVariantGroup section */
		722B98512564662D0019BCF9 /* Main.storyboard */ = {
			isa = PBXVariantGroup;
			children = (
				722B98522564662D0019BCF9 /* Base */,
			);
			name = Main.storyboard;
			sourceTree = "<group>";
		};
		722B98562564662F0019BCF9 /* LaunchScreen.storyboard */ = {
			isa = PBXVariantGroup;
			children = (
				722B98572564662F0019BCF9 /* Base */,
			);
			name = LaunchScreen.storyboard;
			sourceTree = "<group>";
		};
/* End PBXVariantGroup section */

/* Begin XCBuildConfiguration section */
		722B985A2564662F0019BCF9 /* Debug */ = {
			isa = XCBuildConfiguration;
			buildSettings = {
				ALWAYS_SEARCH_USER_PATHS = NO;
				CLANG_ANALYZER_NONNULL = YES;
				CLANG_ANALYZER_NUMBER_OBJECT_CONVERSION = YES_AGGRESSIVE;
				CLANG_CXX_LANGUAGE_STANDARD = "gnu++14";
				CLANG_CXX_LIBRARY = "libc++";
				CLANG_ENABLE_MODULES = YES;
				CLANG_ENABLE_OBJC_ARC = YES;
				CLANG_ENABLE_OBJC_WEAK = YES;
				CLANG_WARN_BLOCK_CAPTURE_AUTORELEASING = YES;
				CLANG_WARN_BOOL_CONVERSION = YES;
				CLANG_WARN_COMMA = YES;
				CLANG_WARN_CONSTANT_CONVERSION = YES;
				CLANG_WARN_DEPRECATED_OBJC_IMPLEMENTATIONS = YES;
				CLANG_WARN_DIRECT_OBJC_ISA_USAGE = YES_ERROR;
				CLANG_WARN_DOCUMENTATION_COMMENTS = YES;
				CLANG_WARN_EMPTY_BODY = YES;
				CLANG_WARN_ENUM_CONVERSION = YES;
				CLANG_WARN_INFINITE_RECURSION = YES;
				CLANG_WARN_INT_CONVERSION = YES;
				CLANG_WARN_NON_LITERAL_NULL_CONVERSION = YES;
				CLANG_WARN_OBJC_IMPLICIT_RETAIN_SELF = YES;
				CLANG_WARN_OBJC_LITERAL_CONVERSION = YES;
				CLANG_WARN_OBJC_ROOT_CLASS = YES_ERROR;
				CLANG_WARN_QUOTED_INCLUDE_IN_FRAMEWORK_HEADER = YES;
				CLANG_WARN_RANGE_LOOP_ANALYSIS = YES;
				CLANG_WARN_STRICT_PROTOTYPES = YES;
				CLANG_WARN_SUSPICIOUS_MOVE = YES;
				CLANG_WARN_UNGUARDED_AVAILABILITY = YES_AGGRESSIVE;
				CLANG_WARN_UNREACHABLE_CODE = YES;
				CLANG_WARN__DUPLICATE_METHOD_MATCH = YES;
				COPY_PHASE_STRIP = NO;
				DEBUG_INFORMATION_FORMAT = dwarf;
				ENABLE_STRICT_OBJC_MSGSEND = YES;
				ENABLE_TESTABILITY = YES;
				GCC_C_LANGUAGE_STANDARD = gnu11;
				GCC_DYNAMIC_NO_PIC = NO;
				GCC_NO_COMMON_BLOCKS = YES;
				GCC_OPTIMIZATION_LEVEL = 0;
				GCC_PREPROCESSOR_DEFINITIONS = (
					"DEBUG=1",
					"$(inherited)",
				);
				GCC_WARN_64_TO_32_BIT_CONVERSION = YES;
				GCC_WARN_ABOUT_RETURN_TYPE = YES_ERROR;
				GCC_WARN_UNDECLARED_SELECTOR = YES;
				GCC_WARN_UNINITIALIZED_AUTOS = YES_AGGRESSIVE;
				GCC_WARN_UNUSED_FUNCTION = YES;
				GCC_WARN_UNUSED_VARIABLE = YES;
				IPHONEOS_DEPLOYMENT_TARGET = 14.0;
				MTL_ENABLE_DEBUG_INFO = INCLUDE_SOURCE;
				MTL_FAST_MATH = YES;
				ONLY_ACTIVE_ARCH = YES;
				SDKROOT = iphoneos;
				SWIFT_ACTIVE_COMPILATION_CONDITIONS = DEBUG;
				SWIFT_OPTIMIZATION_LEVEL = "-Onone";
			};
			name = Debug;
		};
		722B985B2564662F0019BCF9 /* Release */ = {
			isa = XCBuildConfiguration;
			buildSettings = {
				ALWAYS_SEARCH_USER_PATHS = NO;
				CLANG_ANALYZER_NONNULL = YES;
				CLANG_ANALYZER_NUMBER_OBJECT_CONVERSION = YES_AGGRESSIVE;
				CLANG_CXX_LANGUAGE_STANDARD = "gnu++14";
				CLANG_CXX_LIBRARY = "libc++";
				CLANG_ENABLE_MODULES = YES;
				CLANG_ENABLE_OBJC_ARC = YES;
				CLANG_ENABLE_OBJC_WEAK = YES;
				CLANG_WARN_BLOCK_CAPTURE_AUTORELEASING = YES;
				CLANG_WARN_BOOL_CONVERSION = YES;
				CLANG_WARN_COMMA = YES;
				CLANG_WARN_CONSTANT_CONVERSION = YES;
				CLANG_WARN_DEPRECATED_OBJC_IMPLEMENTATIONS = YES;
				CLANG_WARN_DIRECT_OBJC_ISA_USAGE = YES_ERROR;
				CLANG_WARN_DOCUMENTATION_COMMENTS = YES;
				CLANG_WARN_EMPTY_BODY = YES;
				CLANG_WARN_ENUM_CONVERSION = YES;
				CLANG_WARN_INFINITE_RECURSION = YES;
				CLANG_WARN_INT_CONVERSION = YES;
				CLANG_WARN_NON_LITERAL_NULL_CONVERSION = YES;
				CLANG_WARN_OBJC_IMPLICIT_RETAIN_SELF = YES;
				CLANG_WARN_OBJC_LITERAL_CONVERSION = YES;
				CLANG_WARN_OBJC_ROOT_CLASS = YES_ERROR;
				CLANG_WARN_QUOTED_INCLUDE_IN_FRAMEWORK_HEADER = YES;
				CLANG_WARN_RANGE_LOOP_ANALYSIS = YES;
				CLANG_WARN_STRICT_PROTOTYPES = YES;
				CLANG_WARN_SUSPICIOUS_MOVE = YES;
				CLANG_WARN_UNGUARDED_AVAILABILITY = YES_AGGRESSIVE;
				CLANG_WARN_UNREACHABLE_CODE = YES;
				CLANG_WARN__DUPLICATE_METHOD_MATCH = YES;
				COPY_PHASE_STRIP = NO;
				DEBUG_INFORMATION_FORMAT = "dwarf-with-dsym";
				ENABLE_NS_ASSERTIONS = NO;
				ENABLE_STRICT_OBJC_MSGSEND = YES;
				GCC_C_LANGUAGE_STANDARD = gnu11;
				GCC_NO_COMMON_BLOCKS = YES;
				GCC_WARN_64_TO_32_BIT_CONVERSION = YES;
				GCC_WARN_ABOUT_RETURN_TYPE = YES_ERROR;
				GCC_WARN_UNDECLARED_SELECTOR = YES;
				GCC_WARN_UNINITIALIZED_AUTOS = YES_AGGRESSIVE;
				GCC_WARN_UNUSED_FUNCTION = YES;
				GCC_WARN_UNUSED_VARIABLE = YES;
				IPHONEOS_DEPLOYMENT_TARGET = 14.0;
				MTL_ENABLE_DEBUG_INFO = NO;
				MTL_FAST_MATH = YES;
				SDKROOT = iphoneos;
				SWIFT_COMPILATION_MODE = wholemodule;
				SWIFT_OPTIMIZATION_LEVEL = "-O";
				VALIDATE_PRODUCT = YES;
			};
			name = Release;
		};
		722B985D2564662F0019BCF9 /* Debug */ = {
			isa = XCBuildConfiguration;
			baseConfigurationReference = B6DE0A21DAD34EC3523A77A3 /* Pods-WATiR.debug.xcconfig */;
			buildSettings = {
				ASSETCATALOG_COMPILER_APPICON_NAME = AppIcon;
				ASSETCATALOG_COMPILER_GLOBAL_ACCENT_COLOR_NAME = AccentColor;
				CODE_SIGN_STYLE = Automatic;
				INFOPLIST_FILE = WATiR/Info.plist;
				LD_RUNPATH_SEARCH_PATHS = (
					"$(inherited)",
					"@executable_path/Frameworks",
				);
				PRODUCT_BUNDLE_IDENTIFIER = tpk.WATiR;
				PRODUCT_NAME = "$(TARGET_NAME)";
				SWIFT_VERSION = 5.0;
				TARGETED_DEVICE_FAMILY = "1,2";
			};
			name = Debug;
		};
		722B985E2564662F0019BCF9 /* Release */ = {
			isa = XCBuildConfiguration;
			baseConfigurationReference = 6F80E81F6B8F7F7526BEC043 /* Pods-WATiR.release.xcconfig */;
			buildSettings = {
				ASSETCATALOG_COMPILER_APPICON_NAME = AppIcon;
				ASSETCATALOG_COMPILER_GLOBAL_ACCENT_COLOR_NAME = AccentColor;
				CODE_SIGN_STYLE = Automatic;
				INFOPLIST_FILE = WATiR/Info.plist;
				LD_RUNPATH_SEARCH_PATHS = (
					"$(inherited)",
					"@executable_path/Frameworks",
				);
				PRODUCT_BUNDLE_IDENTIFIER = tpk.WATiR;
				PRODUCT_NAME = "$(TARGET_NAME)";
				SWIFT_VERSION = 5.0;
				TARGETED_DEVICE_FAMILY = "1,2";
			};
			name = Release;
		};
/* End XCBuildConfiguration section */

/* Begin XCConfigurationList section */
		722B98432564662D0019BCF9 /* Build configuration list for PBXProject "WATiR" */ = {
			isa = XCConfigurationList;
			buildConfigurations = (
				722B985A2564662F0019BCF9 /* Debug */,
				722B985B2564662F0019BCF9 /* Release */,
			);
			defaultConfigurationIsVisible = 0;
			defaultConfigurationName = Release;
		};
		722B985C2564662F0019BCF9 /* Build configuration list for PBXNativeTarget "WATiR" */ = {
			isa = XCConfigurationList;
			buildConfigurations = (
				722B985D2564662F0019BCF9 /* Debug */,
				722B985E2564662F0019BCF9 /* Release */,
			);
			defaultConfigurationIsVisible = 0;
			defaultConfigurationName = Release;
		};
/* End XCConfigurationList section */
	};
	rootObject = 722B98402564662D0019BCF9 /* Project object */;
}
